
Microsoft Visual Studio Solution File, Format Version 12.00
# Visual Studio Version 16
VisualStudioVersion = 16.0.30804.86
MinimumVisualStudioVersion = 10.0.40219.1
Project("{FAE04EC0-301F-11D3-BF4B-00C04F79EFBC}") = "RoutefinderTest", "RoutefinderTest\RoutefinderTest.csproj", "{35643796-7D76-4E29-991B-4FEAF39718A1}"
EndProject
Project("{FAE04EC0-301F-11D3-BF4B-00C04F79EFBC}") = "MeesterTurner.Routefinder", "MeesterTurner.Routefinder\MeesterTurner.Routefinder.csproj", "{BB0244B1-3E65-4060-96E7-CE1B78F4D91C}"
EndProject
Global
	GlobalSection(SolutionConfigurationPlatforms) = preSolution
		Debug|Any CPU = Debug|Any CPU
		Release|Any CPU = Release|Any CPU
	EndGlobalSection
	GlobalSection(ProjectConfigurationPlatforms) = postSolution
		{35643796-7D76-4E29-991B-4FEAF39718A1}.Debug|Any CPU.ActiveCfg = Debug|Any CPU
		{35643796-7D76-4E29-991B-4FEAF39718A1}.Debug|Any CPU.Build.0 = Debug|Any CPU
		{35643796-7D76-4E29-991B-4FEAF39718A1}.Release|Any CPU.ActiveCfg = Release|Any CPU
		{35643796-7D76-4E29-991B-4FEAF39718A1}.Release|Any CPU.Build.0 = Release|Any CPU
		{BB0244B1-3E65-4060-96E7-CE1B78F4D91C}.Debug|Any CPU.ActiveCfg = Debug|Any CPU
		{BB0244B1-3E65-4060-96E7-CE1B78F4D91C}.Debug|Any CPU.Build.0 = Debug|Any CPU
		{BB0244B1-3E65-4060-96E7-CE1B78F4D91C}.Release|Any CPU.ActiveCfg = Release|Any CPU
		{BB0244B1-3E65-4060-96E7-CE1B78F4D91C}.Release|Any CPU.Build.0 = Release|Any CPU
	EndGlobalSection
	GlobalSection(SolutionProperties) = preSolution
		HideSolutionNode = FALSE
	EndGlobalSection
	GlobalSection(ExtensibilityGlobals) = postSolution
		SolutionGuid = {6FBE9F7B-AD5F-4AD5-8491-D9795EB69070}
	EndGlobalSection
EndGlobal
